{
  "name": "ionic-native-qrcode1",
  "version": "0.0.1",
  "lockfileVersion": 1,
  "requires": true,
  "dependencies": {
    "ionic-native-qrcode": {
      "version": "0.0.1",
      "resolved": "http://localhost:4873/ionic-native-qrcode/-/ionic-native-qrcode-0.0.1.tgz",
      "integrity": "sha512-pWZqLIPehT0YB4HMShN8q9SDaoh2XisjhtHmvNaFlF5+3tfKEwiHTUo0hh605hWWT0DKL+IXvcS8uOpKssvu3g==",
      "requires": {
        "@types/cordova": "^0.0.34"
      },
      "dependencies": {
        "@types/cordova": {
          "version": "0.0.34",
          "resolved": "http://localhost:4873/@types%2fcordova/-/cordova-0.0.34.tgz",
          "integrity": "sha1-6nrd907Ow9dimCegw54smt3HPQQ="
        }
      }
    }
  }
}
